
Microsoft Visual Studio Solution File, Format Version 12.00
# Visual Studio Version 17
VisualStudioVersion = 17.3.32819.101
MinimumVisualStudioVersion = 10.0.40219.1
Project("{888888A0-9F3D-457C-B088-3A5042F75D52}") = "Relatorio_investimentos", "Relatorio_investimentos\Relatorio_investimentos.pyproj", "{A4AE0961-BF94-4028-9497-DDE678BD6751}"
EndProject
Global
	GlobalSection(SolutionConfigurationPlatforms) = preSolution
		Debug|Any CPU = Debug|Any CPU
		Release|Any CPU = Release|Any CPU
	EndGlobalSection
	GlobalSection(ProjectConfigurationPlatforms) = postSolution
		{A4AE0961-BF94-4028-9497-DDE678BD6751}.Debug|Any CPU.ActiveCfg = Debug|Any CPU
		{A4AE0961-BF94-4028-9497-DDE678BD6751}.Release|Any CPU.ActiveCfg = Release|Any CPU
	EndGlobalSection
	GlobalSection(SolutionProperties) = preSolution
		HideSolutionNode = FALSE
	EndGlobalSection
	GlobalSection(ExtensibilityGlobals) = postSolution
		SolutionGuid = {ED3C3D9D-659E-4C0A-8256-2A05ADCAEBB8}
	EndGlobalSection
EndGlobal
